Microsoft Visual Studio Solution File, Format Version 12.00
# Visual Studio Version 17
VisualStudioVersion = 17.5.2.0
MinimumVisualStudioVersion = 10.0.40219.1
Project("{FAE04EC0-301F-11D3-BF4B-00C04F79EFBC}") = "Gitlab2Pushsafer", "Gitlab2Pushsafer.csproj", "{8DEE8F9F-48D9-08EF-BFD2-02FD08C04483}"
EndProject
Global
	GlobalSection(SolutionConfigurationPlatforms) = preSolution
		Debug|Any CPU = Debug|Any CPU
		Release|Any CPU = Release|Any CPU
	EndGlobalSection
	GlobalSection(ProjectConfigurationPlatforms) = postSolution
		{8DEE8F9F-48D9-08EF-BFD2-02FD08C04483}.Debug|Any CPU.ActiveCfg = Debug|Any CPU
		{8DEE8F9F-48D9-08EF-BFD2-02FD08C04483}.Debug|Any CPU.Build.0 = Debug|Any CPU
		{8DEE8F9F-48D9-08EF-BFD2-02FD08C04483}.Release|Any CPU.ActiveCfg = Release|Any CPU
		{8DEE8F9F-48D9-08EF-BFD2-02FD08C04483}.Release|Any CPU.Build.0 = Release|Any CPU
	EndGlobalSection
	GlobalSection(SolutionProperties) = preSolution
		HideSolutionNode = FALSE
	EndGlobalSection
	GlobalSection(ExtensibilityGlobals) = postSolution
		SolutionGuid = {4699A134-4AE8-405B-ABEC-D114B2078391}
	EndGlobalSection
EndGlobal
